name: Regenerate Anime.js lockfile

on:
  push:
    branches:
      - feat/anime-nav-tone-morph

permissions:
  contents: write

jobs:
  lockfile:
    runs-on: ubuntu-latest
    timeout-minutes: 10

    steps:
      - name: Check out branch
        uses: actions/checkout@v6
        with:
          ref: feat/anime-nav-tone-morph

      - name: Set up Node.js
        uses: actions/setup-node@v6
        with:
          node-version: 26
          package-manager-cache: false

      - name: Set up pnpm
        uses: pnpm/action-setup@v6
        with:
          version: 11.10.0
          cache: false

      - name: Regenerate lockfile
        run: pnpm install --lockfile-only --ignore-scripts

      - name: Commit lockfile
        run: |
          if git diff --quiet -- pnpm-lock.yaml; then
            exit 0
          fi
          git config user.name "github-actions[bot]"
          git config user.email "41898282+github-actions[bot]@users.noreply.github.com"
          git add pnpm-lock.yaml
          git commit -m "chore: update lockfile for animejs"
          git push origin HEAD:feat/anime-nav-tone-morph
